[[package]]
name = "adafruit-bitfield"
version = "1.5.1"
description = "Simple bitfield helper library."
category = "main"
optional = false
python-versions = "*"

[[package]]
name = "adafruit-blinka"
version = "8.7.0"
description = "CircuitPython APIs for non-CircuitPython versions of Python such as CPython on Linux and MicroPython."
category = "main"
optional = false
python-versions = ">=3.7.0"

[package.dependencies]
adafruit-circuitpython-typing = "*"
Adafruit-PlatformDetect = ">=3.13.0"
Adafruit-PureIO = ">=1.1.7"
pyftdi = ">=0.40.0"

[[package]]
name = "adafruit-circuitpython-busdevice"
version = "5.2.3"
description = "CircuitPython bus device classes to manage bus sharing."
category = "main"
optional = false
python-versions = "*"

[package.dependencies]
Adafruit-Blinka = ">=7.0.0"
adafruit-circuitpython-typing = "*"

[[package]]
name = "adafruit-circuitpython-dht"
version = "3.7.8"
description = "CircuitPython support for DHT11 and DHT22 type temperature/humidity devices"
category = "main"
optional = false
python-versions = "*"

[package.dependencies]
Adafruit-Blinka = "*"

[[package]]
name = "adafruit-circuitpython-ds18x20"
version = "1.3.16"
description = "CircuitPython driver for Dallas 1-Wire temperature sensor."
category = "main"
optional = false
python-versions = "*"

[package.dependencies]
Adafruit-Blinka = "*"
adafruit-circuitpython-onewire = "*"
typing-extensions = ">=4.0,<5.0"

[[package]]
name = "adafruit-circuitpython-onewire"
version = "2.0.3"
description = "CircuitPython OneWire helper library for 1-wire bus devices."
category = "main"
optional = false
python-versions = "*"

[package.dependencies]
Adafruit-Blinka = "*"
adafruit-circuitpython-busdevice = "*"

[[package]]
name = "adafruit-circuitpython-requests"
version = "1.12.11"
description = "A requests-like library for web interfacing"
category = "main"
optional = false
python-versions = "*"

[package.dependencies]
Adafruit-Blinka = "*"

[[package]]
name = "adafruit-circuitpython-typing"
version = "1.8.2"
description = "Types needed for type annotation that are not in `typing`"
category = "main"
optional = false
python-versions = "*"

[package.dependencies]
Adafruit-Blinka = "*"
adafruit-circuitpython-busdevice = "*"
adafruit-circuitpython-requests = "*"
typing-extensions = ">=4.0,<5.0"

[[package]]
name = "adafruit-gpio"
version = "1.0.3"
description = "Library to provide a cross-platform GPIO interface on the Raspberry Pi and Beaglebone Black using the RPi.GPIO and Adafruit_BBIO libraries."
category = "main"
optional = false
python-versions = "*"

[package.dependencies]
adafruit-pureio = "*"
spidev = "*"

[[package]]
name = "adafruit-platformdetect"
version = "3.35.0"
description = "Platform detection for use by libraries like Adafruit-Blinka."
category = "main"
optional = false
python-versions = ">=3.7.0"

[[package]]
name = "adafruit-pureio"
version = "1.1.9"
description = "Pure python (i.e. no native extensions) access to Linux IO    including I2C and SPI. Drop in replacement for smbus and spidev modules."
category = "main"
optional = false
python-versions = ">=3.5.0"

[[package]]
name = "adafruit-seesaw"
version = "1.0"
description = "Python library to use the seesaw helper IC with raspberry pi or other linux boards."
category = "main"
optional = false
python-versions = "*"

[package.dependencies]
Adafruit-bitfield = ">=1.5"
Adafruit-GPIO = ">=0.6.5"

[[package]]
name = "awsiotpythonsdk"
version = "1.5.2"
description = "SDK for connecting to AWS IoT using Python."
category = "main"
optional = false
python-versions = "*"

[[package]]
name = "black"
version = "22.10.0"
description = "The uncompromising code formatter."
category = "dev"
optional = false
python-versions = ">=3.7"

[package.dependencies]
click = ">=8.0.0"
mypy-extensions = ">=0.4.3"
pathspec = ">=0.9.0"
platformdirs = ">=2"
tomli = {version = ">=1.1.0", markers = "python_full_version < \"3.11.0a7\""}
typing-extensions = {version = ">=3.10.0.0", markers = "python_version < \"3.10\""}

[package.extras]
colorama = ["colorama (>=0.4.3)"]
d = ["aiohttp (>=3.7.4)"]
jupyter = ["ipython (>=7.8.0)", "tokenize-rt (>=3.2.0)"]
uvloop = ["uvloop (>=0.15.2)"]

[[package]]
name = "click"
version = "8.1.3"
description = "Composable command line interface toolkit"
category = "dev"
optional = false
python-versions = ">=3.7"

[package.dependencies]
colorama = {version = "*", markers = "platform_system == \"Windows\""}

[[package]]
name = "colorama"
version = "0.4.6"
description = "Cross-platform colored terminal text."
category = "dev"
optional = false
python-versions = "!=3.0.*,!=3.1.*,!=3.2.*,!=3.3.*,!=3.4.*,!=3.5.*,!=3.6.*,>=2.7"

[[package]]
name = "logging"
version = "0.4.9.6"
description = "A logging module for Python"
category = "main"
optional = false
python-versions = "*"

[[package]]
name = "mypy-extensions"
version = "0.4.3"
description = "Experimental type system extensions for programs checked with the mypy typechecker."
category = "dev"
optional = false
python-versions = "*"

[[package]]
name = "pathspec"
version = "0.10.2"
description = "Utility library for gitignore style pattern matching of file paths."
category = "dev"
optional = false
python-versions = ">=3.7"

[[package]]
name = "platformdirs"
version = "2.5.4"
description = "A small Python package for determining appropriate platform-specific dirs, e.g. a \"user data dir\"."
category = "dev"
optional = false
python-versions = ">=3.7"

[package.extras]
docs = ["furo (>=2022.9.29)", "proselint (>=0.13)", "sphinx (>=5.3)", "sphinx-autodoc-typehints (>=1.19.4)"]
test = ["appdirs (==1.4.4)", "pytest (>=7.2)", "pytest-cov (>=4)", "pytest-mock (>=3.10)"]

[[package]]
name = "pyftdi"
version = "0.54.0"
description = "FTDI device driver (pure Python)"
category = "main"
optional = false
python-versions = ">=3.7"

[package.dependencies]
pyserial = ">=3.0"
pyusb = ">=1.0.0,<1.2.0 || >1.2.0"

[[package]]
name = "pyserial"
version = "3.5"
description = "Python Serial Port Extension"
category = "main"
optional = false
python-versions = "*"

[package.extras]
cp2110 = ["hidapi"]

[[package]]
name = "pyusb"
version = "1.2.1"
description = "Python USB access module"
category = "main"
optional = false
python-versions = ">=3.6.0"

[[package]]
name = "rpi-gpio"
version = "0.7.1"
description = "A module to control Raspberry Pi GPIO channels"
category = "main"
optional = false
python-versions = "*"

[[package]]
name = "spidev"
version = "3.6"
description = "Python bindings for Linux SPI access through spidev"
category = "main"
optional = false
python-versions = "*"

[[package]]
name = "tomli"
version = "2.0.1"
description = "A lil' TOML parser"
category = "dev"
optional = false
python-versions = ">=3.7"

[[package]]
name = "typing-extensions"
version = "4.4.0"
description = "Backported and Experimental Type Hints for Python 3.7+"
category = "main"
optional = false
python-versions = ">=3.7"

[metadata]
lock-version = "1.1"
python-versions = "^3.9.1"
content-hash = "90635bb70966d20dbf44d198ad5e6ece3ec64e5e85251f24d6223e7c82a8d1e6"

[metadata.files]
adafruit-bitfield = [
    {file = "Adafruit-bitfield-1.5.1.tar.gz", hash = "sha256:0e2258ddcd05b6a82d9b53cbf424447ca562b1506fa565b578056b854dc6010f"},
]
adafruit-blinka = [
    {file = "Adafruit-Blinka-8.7.0.tar.gz", hash = "sha256:8509616b9036b21145b40f98ae4443a1c276ad786bc7db8f369d3ddb97489225"},
    {file = "Adafruit_Blinka-8.7.0-py3-none-any.whl", hash = "sha256:571e35edf78fb48c6a5cc6962e33d844126e9084ffa6dc8d97c25a56f4cd8165"},
]
adafruit-circuitpython-busdevice = [
    {file = "adafruit-circuitpython-busdevice-5.2.3.tar.gz", hash = "sha256:faa572b613a0732de938ed008402dfb105d91adb5d0096bf2709f46669a94885"},
    {file = "adafruit_circuitpython_busdevice-5.2.3-py3-none-any.whl", hash = "sha256:062d010b29ba814c764fbe3a693b7ebbd329b70a9fd5ebde40e0faa020e5fae7"},
]
adafruit-circuitpython-dht = [
    {file = "adafruit-circuitpython-dht-3.7.8.tar.gz", hash = "sha256:52320eae89494979fe3ca37903657dc59c55c95720b77e93c707c049db7ccf04"},
    {file = "adafruit_circuitpython_dht-3.7.8-py3-none-any.whl", hash = "sha256:b4a4089d6b6453584a123af8e6aa44be5e04b83a8437a582707ef8ff8461abfb"},
]
adafruit-circuitpython-ds18x20 = [
    {file = "adafruit-circuitpython-ds18x20-1.3.16.tar.gz", hash = "sha256:3f771e58c2889036fdc3bd8c7389fb433eb3c8d17112f2a5376f62fab806a955"},
    {file = "adafruit_circuitpython_ds18x20-1.3.16-py3-none-any.whl", hash = "sha256:cb1a4d55582e026000914334bf0f22db01f52811e16a50a6a14bea28a3ef53fd"},
]
adafruit-circuitpython-onewire = [
    {file = "adafruit-circuitpython-onewire-2.0.3.tar.gz", hash = "sha256:4dda48e176eec675c22a67ad252afc4cee18c142676451557abb933291747873"},
    {file = "adafruit_circuitpython_onewire-2.0.3-py3-none-any.whl", hash = "sha256:9d1f90a164292f6310ecc8d21177646644ccabe5c4580e57caef8b2bedf7101a"},
]
adafruit-circuitpython-requests = [
    {file = "adafruit-circuitpython-requests-1.12.11.tar.gz", hash = "sha256:48b69b11103ac9786d76dcc102085286b287d8879aaaaccaf4bec76bd3ca909d"},
    {file = "adafruit_circuitpython_requests-1.12.11-py3-none-any.whl", hash = "sha256:bba406ba713852a23fe3e2cd592de705f39fa32e8e527653798591a744b0481d"},
]
adafruit-circuitpython-typing = [
    {file = "adafruit-circuitpython-typing-1.8.2.tar.gz", hash = "sha256:8486951d9f105ca14670c6a237c6e2dd6a533fddcb4277b3aa33f3d08b8f8783"},
    {file = "adafruit_circuitpython_typing-1.8.2-py3-none-any.whl", hash = "sha256:eb958716fcfa5a73ecdb38b8d2f29b491b674f33bc38baf7204cfda4a79a9c38"},
]
adafruit-gpio = [
    {file = "Adafruit_GPIO-1.0.3.tar.gz", hash = "sha256:d6465b92c866c51ca8f3bc1e8f2ec36f5ccdb46d0fd54101c1109756d4a2dcd0"},
]
adafruit-platformdetect = [
    {file = "Adafruit-PlatformDetect-3.35.0.tar.gz", hash = "sha256:0745b1925a0f4e320b5df2e5d8582813dffb3a455dc54d3998a0187283ea0b13"},
]
adafruit-pureio = [
    {file = "Adafruit_PureIO-1.1.9.tar.gz", hash = "sha256:2caf22fb07c7f771d83267f331a76cde314723f884a9570ea6f768730c87a879"},
]
adafruit-seesaw = [
    {file = "Adafruit_seesaw-1.0.tar.gz", hash = "sha256:eea4ebbecacce17b91080df3674596ca61c2092c6ba4b0d791a77a76fe85e616"},
]
awsiotpythonsdk = [
    {file = "AWSIoTPythonSDK-1.5.2-py2.py3-none-any.whl", hash = "sha256:74b6f35d020f3be7956563dae651aa5f178f070609c9623edd12efae583c14f6"},
    {file = "AWSIoTPythonSDK-1.5.2.tar.gz", hash = "sha256:59f20cb5b4ebe902ce21552b9005a0ef0796bba098327268bc8c9e015f23bd6d"},
]
black = [
    {file = "black-22.10.0-1fixedarch-cp310-cp310-macosx_11_0_x86_64.whl", hash = "sha256:5cc42ca67989e9c3cf859e84c2bf014f6633db63d1cbdf8fdb666dcd9e77e3fa"},
    {file = "black-22.10.0-1fixedarch-cp311-cp311-macosx_11_0_x86_64.whl", hash = "sha256:5d8f74030e67087b219b032aa33a919fae8806d49c867846bfacde57f43972ef"},
    {file = "black-22.10.0-1fixedarch-cp37-cp37m-macosx_10_16_x86_64.whl", hash = "sha256:197df8509263b0b8614e1df1756b1dd41be6738eed2ba9e9769f3880c2b9d7b6"},
    {file = "black-22.10.0-1fixedarch-cp38-cp38-macosx_10_16_x86_64.whl", hash = "sha256:2644b5d63633702bc2c5f3754b1b475378fbbfb481f62319388235d0cd104c2d"},
    {file = "black-22.10.0-1fixedarch-cp39-cp39-macosx_11_0_x86_64.whl", hash = "sha256:e41a86c6c650bcecc6633ee3180d80a025db041a8e2398dcc059b3afa8382cd4"},
    {file = "black-22.10.0-cp310-cp310-macosx_11_0_arm64.whl", hash = "sha256:2039230db3c6c639bd84efe3292ec7b06e9214a2992cd9beb293d639c6402edb"},
    {file = "black-22.10.0-cp310-cp310-manylinux_2_17_x86_64.manylinux2014_x86_64.whl", hash = "sha256:14ff67aec0a47c424bc99b71005202045dc09270da44a27848d534600ac64fc7"},
    {file = "black-22.10.0-cp310-cp310-win_amd64.whl", hash = "sha256:819dc789f4498ecc91438a7de64427c73b45035e2e3680c92e18795a839ebb66"},
    {file = "black-22.10.0-cp311-cp311-macosx_11_0_arm64.whl", hash = "sha256:5b9b29da4f564ba8787c119f37d174f2b69cdfdf9015b7d8c5c16121ddc054ae"},
    {file = "black-22.10.0-cp311-cp311-manylinux_2_17_x86_64.manylinux2014_x86_64.whl", hash = "sha256:b8b49776299fece66bffaafe357d929ca9451450f5466e997a7285ab0fe28e3b"},
    {file = "black-22.10.0-cp311-cp311-win_amd64.whl", hash = "sha256:21199526696b8f09c3997e2b4db8d0b108d801a348414264d2eb8eb2532e540d"},
    {file = "black-22.10.0-cp37-cp37m-manylinux_2_17_x86_64.manylinux2014_x86_64.whl", hash = "sha256:1e464456d24e23d11fced2bc8c47ef66d471f845c7b7a42f3bd77bf3d1789650"},
    {file = "black-22.10.0-cp37-cp37m-win_amd64.whl", hash = "sha256:9311e99228ae10023300ecac05be5a296f60d2fd10fff31cf5c1fa4ca4b1988d"},
    {file = "black-22.10.0-cp38-cp38-macosx_11_0_arm64.whl", hash = "sha256:fba8a281e570adafb79f7755ac8721b6cf1bbf691186a287e990c7929c7692ff"},
    {file = "black-22.10.0-cp38-cp38-manylinux_2_17_x86_64.manylinux2014_x86_64.whl", hash = "sha256:915ace4ff03fdfff953962fa672d44be269deb2eaf88499a0f8805221bc68c87"},
    {file = "black-22.10.0-cp38-cp38-win_amd64.whl", hash = "sha256:444ebfb4e441254e87bad00c661fe32df9969b2bf224373a448d8aca2132b395"},
    {file = "black-22.10.0-cp39-cp39-macosx_11_0_arm64.whl", hash = "sha256:974308c58d057a651d182208a484ce80a26dac0caef2895836a92dd6ebd725e0"},
    {file = "black-22.10.0-cp39-cp39-manylinux_2_17_x86_64.manylinux2014_x86_64.whl", hash = "sha256:72ef3925f30e12a184889aac03d77d031056860ccae8a1e519f6cbb742736383"},
    {file = "black-22.10.0-cp39-cp39-win_amd64.whl", hash = "sha256:432247333090c8c5366e69627ccb363bc58514ae3e63f7fc75c54b1ea80fa7de"},
    {file = "black-22.10.0-py3-none-any.whl", hash = "sha256:c957b2b4ea88587b46cf49d1dc17681c1e672864fd7af32fc1e9664d572b3458"},
    {file = "black-22.10.0.tar.gz", hash = "sha256:f513588da599943e0cde4e32cc9879e825d58720d6557062d1098c5ad80080e1"},
]
click = [
    {file = "click-8.1.3-py3-none-any.whl", hash = "sha256:bb4d8133cb15a609f44e8213d9b391b0809795062913b383c62be0ee95b1db48"},
    {file = "click-8.1.3.tar.gz", hash = "sha256:7682dc8afb30297001674575ea00d1814d808d6a36af415a82bd481d37ba7b8e"},
]
colorama = [
    {file = "colorama-0.4.6-py2.py3-none-any.whl", hash = "sha256:4f1d9991f5acc0ca119f9d443620b77f9d6b33703e51011c16baf57afb285fc6"},
    {file = "colorama-0.4.6.tar.gz", hash = "sha256:08695f5cb7ed6e0531a20572697297273c47b8cae5a63ffc6d6ed5c201be6e44"},
]
logging = [
    {file = "logging-0.4.9.6.tar.gz", hash = "sha256:26f6b50773f085042d301085bd1bf5d9f3735704db9f37c1ce6d8b85c38f2417"},
]
mypy-extensions = [
    {file = "mypy_extensions-0.4.3-py2.py3-none-any.whl", hash = "sha256:090fedd75945a69ae91ce1303b5824f428daf5a028d2f6ab8a299250a846f15d"},
    {file = "mypy_extensions-0.4.3.tar.gz", hash = "sha256:2d82818f5bb3e369420cb3c4060a7970edba416647068eb4c5343488a6c604a8"},
]
pathspec = [
    {file = "pathspec-0.10.2-py3-none-any.whl", hash = "sha256:88c2606f2c1e818b978540f73ecc908e13999c6c3a383daf3705652ae79807a5"},
    {file = "pathspec-0.10.2.tar.gz", hash = "sha256:8f6bf73e5758fd365ef5d58ce09ac7c27d2833a8d7da51712eac6e27e35141b0"},
]
platformdirs = [
    {file = "platformdirs-2.5.4-py3-none-any.whl", hash = "sha256:af0276409f9a02373d540bf8480021a048711d572745aef4b7842dad245eba10"},
    {file = "platformdirs-2.5.4.tar.gz", hash = "sha256:1006647646d80f16130f052404c6b901e80ee4ed6bef6792e1f238a8969106f7"},
]
pyftdi = [
    {file = "pyftdi-0.54.0-py3-none-any.whl", hash = "sha256:112f16ee5b2a2becb8f8df9dd40b3bba007589f34e7613024122d94bd56eb7d7"},
    {file = "pyftdi-0.54.0.tar.gz", hash = "sha256:8df9af22077d17533d2f95b508b1d87959877627ea5dc2369056e90a3b5a232d"},
]
pyserial = [
    {file = "pyserial-3.5-py2.py3-none-any.whl", hash = "sha256:c4451db6ba391ca6ca299fb3ec7bae67a5c55dde170964c7a14ceefec02f2cf0"},
    {file = "pyserial-3.5.tar.gz", hash = "sha256:3c77e014170dfffbd816e6ffc205e9842efb10be9f58ec16d3e8675b4925cddb"},
]
pyusb = [
    {file = "pyusb-1.2.1-py3-none-any.whl", hash = "sha256:2b4c7cb86dbadf044dfb9d3a4ff69fd217013dbe78a792177a3feb172449ea36"},
    {file = "pyusb-1.2.1.tar.gz", hash = "sha256:a4cc7404a203144754164b8b40994e2849fde1cfff06b08492f12fff9d9de7b9"},
]
rpi-gpio = [
    {file = "RPi.GPIO-0.7.1-cp27-cp27mu-linux_armv6l.whl", hash = "sha256:b86b66dc02faa5461b443a1e1f0c1d209d64ab5229696f32fb3b0215e0600c8c"},
    {file = "RPi.GPIO-0.7.1-cp310-cp310-linux_armv6l.whl", hash = "sha256:57b6c044ef5375a78c8dda27cdfadf329e76aa6943cd6cffbbbd345a9adf9ca5"},
    {file = "RPi.GPIO-0.7.1-cp37-cp37m-linux_armv6l.whl", hash = "sha256:77afb817b81331ce3049a4b8f94a85e41b7c404d8e56b61ac0f1eb75c3120868"},
    {file = "RPi.GPIO-0.7.1-cp38-cp38-linux_armv6l.whl", hash = "sha256:29226823da8b5ccb9001d795a944f2e00924eeae583490f0bc7317581172c624"},
    {file = "RPi.GPIO-0.7.1-cp39-cp39-linux_armv6l.whl", hash = "sha256:15311d3b063b71dee738cd26570effc9985a952454d162937c34e08c0fc99902"},
    {file = "RPi.GPIO-0.7.1.tar.gz", hash = "sha256:cd61c4b03c37b62bba4a5acfea9862749c33c618e0295e7e90aa4713fb373b70"},
]
spidev = [
    {file = "spidev-3.6-cp39-cp39-linux_armv7l.whl", hash = "sha256:280abc00a1ef7780ef62c3f294f52a2527b6c47d8c269fea98664970bcaf6da5"},
    {file = "spidev-3.6.tar.gz", hash = "sha256:14dbc37594a4aaef85403ab617985d3c3ef464d62bc9b769ef552db53701115b"},
]
tomli = [
    {file = "tomli-2.0.1-py3-none-any.whl", hash = "sha256:939de3e7a6161af0c887ef91b7d41a53e7c5a1ca976325f429cb46ea9bc30ecc"},
    {file = "tomli-2.0.1.tar.gz", hash = "sha256:de526c12914f0c550d15924c62d72abc48d6fe7364aa87328337a31007fe8a4f"},
]
typing-extensions = [
    {file = "typing_extensions-4.4.0-py3-none-any.whl", hash = "sha256:16fa4864408f655d35ec496218b85f79b3437c829e93320c7c9215ccfd92489e"},
    {file = "typing_extensions-4.4.0.tar.gz", hash = "sha256:1511434bb92bf8dd198c12b1cc812e800d4181cfcb867674e0f8279cc93087aa"},
]
